
Microsoft Visual Studio Solution File, Format Version 12.00
# Visual Studio 2012
Project("{FAE04EC0-301F-11D3-BF4B-00C04F79EFBC}") = "GregMvcProjectOnCloud", "GregMvcProjectOnCloud\GregMvcProjectOnCloud.csproj", "{3BC23060-6A68-48C2-A400-B3A8EAAC1F9A}"
EndProject
Project("{FAE04EC0-301F-11D3-BF4B-00C04F79EFBC}") = "GregMvcProjectOnCloud.Tests", "GregMvcProjectOnCloud.Tests\GregMvcProjectOnCloud.Tests.csproj", "{EBA5D0A4-AEB2-4845-A03C-2A0E0E26C6CC}"
EndProject
Global
	GlobalSection(SolutionConfigurationPlatforms) = preSolution
		Debug|Any CPU = Debug|Any CPU
		Release|Any CPU = Release|Any CPU
	EndGlobalSection
	GlobalSection(ProjectConfigurationPlatforms) = postSolution
		{3BC23060-6A68-48C2-A400-B3A8EAAC1F9A}.Debug|Any CPU.ActiveCfg = Debug|Any CPU
		{3BC23060-6A68-48C2-A400-B3A8EAAC1F9A}.Debug|Any CPU.Build.0 = Debug|Any CPU
		{3BC23060-6A68-48C2-A400-B3A8EAAC1F9A}.Release|Any CPU.ActiveCfg = Release|Any CPU
		{3BC23060-6A68-48C2-A400-B3A8EAAC1F9A}.Release|Any CPU.Build.0 = Release|Any CPU
		{EBA5D0A4-AEB2-4845-A03C-2A0E0E26C6CC}.Debug|Any CPU.ActiveCfg = Debug|Any CPU
		{EBA5D0A4-AEB2-4845-A03C-2A0E0E26C6CC}.Debug|Any CPU.Build.0 = Debug|Any CPU
		{EBA5D0A4-AEB2-4845-A03C-2A0E0E26C6CC}.Release|Any CPU.ActiveCfg = Release|Any CPU
		{EBA5D0A4-AEB2-4845-A03C-2A0E0E26C6CC}.Release|Any CPU.Build.0 = Release|Any CPU
	EndGlobalSection
	GlobalSection(SolutionProperties) = preSolution
		HideSolutionNode = FALSE
	EndGlobalSection
EndGlobal
